
Microsoft Visual Studio Solution File, Format Version 12.00
# Visual Studio 14
VisualStudioVersion = 14.0.25420.1
MinimumVisualStudioVersion = 10.0.40219.1
Project("{FAE04EC0-301F-11D3-BF4B-00C04F79EFBC}") = "XF_CafeNomad", "XF_CafeNomad\XF_CafeNomad\XF_CafeNomad.csproj", "{5E7F9F70-B3B2-4E35-9EB7-1913B3478838}"
EndProject
Project("{FAE04EC0-301F-11D3-BF4B-00C04F79EFBC}") = "XF_CafeNomad.Droid", "XF_CafeNomad\XF_CafeNomad.Droid\XF_CafeNomad.Droid.csproj", "{D44C2C62-195E-413D-A81E-A1F67A4F03BC}"
EndProject
Project("{FAE04EC0-301F-11D3-BF4B-00C04F79EFBC}") = "XF_CafeNomad.iOS", "XF_CafeNomad\XF_CafeNomad.iOS\XF_CafeNomad.iOS.csproj", "{CB8BD465-3625-41CE-B60F-6DF15BCF9E44}"
EndProject
Project("{FAE04EC0-301F-11D3-BF4B-00C04F79EFBC}") = "XF_CafeNomad.UWP", "XF_CafeNomad\XF_CafeNomad.UWP\XF_CafeNomad.UWP.csproj", "{449BFED8-783F-430B-8AB6-39F4F589518B}"
EndProject
Global
	GlobalSection(SolutionConfigurationPlatforms) = preSolution
		Ad-Hoc|Any CPU = Ad-Hoc|Any CPU
		Ad-Hoc|ARM = Ad-Hoc|ARM
		Ad-Hoc|iPhone = Ad-Hoc|iPhone
		Ad-Hoc|iPhoneSimulator = Ad-Hoc|iPhoneSimulator
		Ad-Hoc|x64 = Ad-Hoc|x64
		Ad-Hoc|x86 = Ad-Hoc|x86
		AppStore|Any CPU = AppStore|Any CPU
		AppStore|ARM = AppStore|ARM
		AppStore|iPhone = AppStore|iPhone
		AppStore|iPhoneSimulator = AppStore|iPhoneSimulator
		AppStore|x64 = AppStore|x64
		AppStore|x86 = AppStore|x86
		Debug|Any CPU = Debug|Any CPU
		Debug|ARM = Debug|ARM
		Debug|iPhone = Debug|iPhone
		Debug|iPhoneSimulator = Debug|iPhoneSimulator
		Debug|x64 = Debug|x64
		Debug|x86 = Debug|x86
		Release|Any CPU = Release|Any CPU
		Release|ARM = Release|ARM
		Release|iPhone = Release|iPhone
		Release|iPhoneSimulator = Release|iPhoneSimulator
		Release|x64 = Release|x64
		Release|x86 = Release|x86
	EndGlobalSection
	GlobalSection(ProjectConfigurationPlatforms) = postSolution
		{5E7F9F70-B3B2-4E35-9EB7-1913B3478838}.Ad-Hoc|Any CPU.ActiveCfg = Release|Any CPU
		{5E7F9F70-B3B2-4E35-9EB7-1913B3478838}.Ad-Hoc|Any CPU.Build.0 = Release|Any CPU
		{5E7F9F70-B3B2-4E35-9EB7-1913B3478838}.Ad-Hoc|ARM.ActiveCfg = Release|Any CPU
		{5E7F9F70-B3B2-4E35-9EB7-1913B3478838}.Ad-Hoc|ARM.Build.0 = Release|Any CPU
		{5E7F9F70-B3B2-4E35-9EB7-1913B3478838}.Ad-Hoc|iPhone.ActiveCfg = Release|Any CPU
		{5E7F9F70-B3B2-4E35-9EB7-1913B3478838}.Ad-Hoc|iPhone.Build.0 = Release|Any CPU
		{5E7F9F70-B3B2-4E35-9EB7-1913B3478838}.Ad-Hoc|iPhoneSimulator.ActiveCfg = Release|Any CPU
		{5E7F9F70-B3B2-4E35-9EB7-1913B3478838}.Ad-Hoc|iPhoneSimulator.Build.0 = Release|Any CPU
		{5E7F9F70-B3B2-4E35-9EB7-1913B3478838}.Ad-Hoc|x64.ActiveCfg = Release|Any CPU
		{5E7F9F70-B3B2-4E35-9EB7-1913B3478838}.Ad-Hoc|x64.Build.0 = Release|Any CPU
		{5E7F9F70-B3B2-4E35-9EB7-1913B3478838}.Ad-Hoc|x86.ActiveCfg = Release|Any CPU
		{5E7F9F70-B3B2-4E35-9EB7-1913B3478838}.Ad-Hoc|x86.Build.0 = Release|Any CPU
		{5E7F9F70-B3B2-4E35-9EB7-1913B3478838}.AppStore|Any CPU.ActiveCfg = Release|Any CPU
		{5E7F9F70-B3B2-4E35-9EB7-1913B3478838}.AppStore|Any CPU.Build.0 = Release|Any CPU
		{5E7F9F70-B3B2-4E35-9EB7-1913B3478838}.AppStore|ARM.ActiveCfg = Release|Any CPU
		{5E7F9F70-B3B2-4E35-9EB7-1913B3478838}.AppStore|ARM.Build.0 = Release|Any CPU
		{5E7F9F70-B3B2-4E35-9EB7-1913B3478838}.AppStore|iPhone.ActiveCfg = Release|Any CPU
		{5E7F9F70-B3B2-4E35-9EB7-1913B3478838}.AppStore|iPhone.Build.0 = Release|Any CPU
		{5E7F9F70-B3B2-4E35-9EB7-1913B3478838}.AppStore|iPhoneSimulator.ActiveCfg = Release|Any CPU
		{5E7F9F70-B3B2-4E35-9EB7-1913B3478838}.AppStore|iPhoneSimulator.Build.0 = Release|Any CPU
		{5E7F9F70-B3B2-4E35-9EB7-1913B3478838}.AppStore|x64.ActiveCfg = Release|Any CPU
		{5E7F9F70-B3B2-4E35-9EB7-1913B3478838}.AppStore|x64.Build.0 = Release|Any CPU
		{5E7F9F70-B3B2-4E35-9EB7-1913B3478838}.AppStore|x86.ActiveCfg = Release|Any CPU
		{5E7F9F70-B3B2-4E35-9EB7-1913B3478838}.AppStore|x86.Build.0 = Release|Any CPU
		{5E7F9F70-B3B2-4E35-9EB7-1913B3478838}.Debug|Any CPU.ActiveCfg = Debug|Any CPU
		{5E7F9F70-B3B2-4E35-9EB7-1913B3478838}.Debug|Any CPU.Build.0 = Debug|Any CPU
		{5E7F9F70-B3B2-4E35-9EB7-1913B3478838}.Debug|ARM.ActiveCfg = Debug|Any CPU
		{5E7F9F70-B3B2-4E35-9EB7-1913B3478838}.Debug|ARM.Build.0 = Debug|Any CPU
		{5E7F9F70-B3B2-4E35-9EB7-1913B3478838}.Debug|iPhone.ActiveCfg = Debug|Any CPU
		{5E7F9F70-B3B2-4E35-9EB7-1913B3478838}.Debug|iPhone.Build.0 = Debug|Any CPU
		{5E7F9F70-B3B2-4E35-9EB7-1913B3478838}.Debug|iPhoneSimulator.ActiveCfg = Debug|Any CPU
		{5E7F9F70-B3B2-4E35-9EB7-1913B3478838}.Debug|iPhoneSimulator.Build.0 = Debug|Any CPU
		{5E7F9F70-B3B2-4E35-9EB7-1913B3478838}.Debug|x64.ActiveCfg = Debug|Any CPU
		{5E7F9F70-B3B2-4E35-9EB7-1913B3478838}.Debug|x64.Build.0 = Debug|Any CPU
		{5E7F9F70-B3B2-4E35-9EB7-1913B3478838}.Debug|x86.ActiveCfg = Debug|Any CPU
		{5E7F9F70-B3B2-4E35-9EB7-1913B3478838}.Debug|x86.Build.0 = Debug|Any CPU
		{5E7F9F70-B3B2-4E35-9EB7-1913B3478838}.Release|Any CPU.ActiveCfg = Release|Any CPU
		{5E7F9F70-B3B2-4E35-9EB7-1913B3478838}.Release|Any CPU.Build.0 = Release|Any CPU
		{5E7F9F70-B3B2-4E35-9EB7-1913B3478838}.Release|ARM.ActiveCfg = Release|Any CPU
		{5E7F9F70-B3B2-4E35-9EB7-1913B3478838}.Release|ARM.Build.0 = Release|Any CPU
		{5E7F9F70-B3B2-4E35-9EB7-1913B3478838}.Release|iPhone.ActiveCfg = Release|Any CPU
		{5E7F9F70-B3B2-4E35-9EB7-1913B3478838}.Release|iPhone.Build.0 = Release|Any CPU
		{5E7F9F70-B3B2-4E35-9EB7-1913B3478838}.Release|iPhoneSimulator.ActiveCfg = Release|Any CPU
		{5E7F9F70-B3B2-4E35-9EB7-1913B3478838}.Release|iPhoneSimulator.Build.0 = Release|Any CPU
		{5E7F9F70-B3B2-4E35-9EB7-1913B3478838}.Release|x64.ActiveCfg = Release|Any CPU
		{5E7F9F70-B3B2-4E35-9EB7-1913B3478838}.Release|x64.Build.0 = Release|Any CPU
		{5E7F9F70-B3B2-4E35-9EB7-1913B3478838}.Release|x86.ActiveCfg = Release|Any CPU
		{5E7F9F70-B3B2-4E35-9EB7-1913B3478838}.Release|x86.Build.0 = Release|Any CPU
		{D44C2C62-195E-413D-A81E-A1F67A4F03BC}.Ad-Hoc|Any CPU.ActiveCfg = Release|Any CPU
		{D44C2C62-195E-413D-A81E-A1F67A4F03BC}.Ad-Hoc|Any CPU.Build.0 = Release|Any CPU
		{D44C2C62-195E-413D-A81E-A1F67A4F03BC}.Ad-Hoc|Any CPU.Deploy.0 = Release|Any CPU
		{D44C2C62-195E-413D-A81E-A1F67A4F03BC}.Ad-Hoc|ARM.ActiveCfg = Release|Any CPU
		{D44C2C62-195E-413D-A81E-A1F67A4F03BC}.Ad-Hoc|ARM.Build.0 = Release|Any CPU
		{D44C2C62-195E-413D-A81E-A1F67A4F03BC}.Ad-Hoc|ARM.Deploy.0 = Release|Any CPU
		{D44C2C62-195E-413D-A81E-A1F67A4F03BC}.Ad-Hoc|iPhone.ActiveCfg = Release|Any CPU
		{D44C2C62-195E-413D-A81E-A1F67A4F03BC}.Ad-Hoc|iPhone.Build.0 = Release|Any CPU
		{D44C2C62-195E-413D-A81E-A1F67A4F03BC}.Ad-Hoc|iPhone.Deploy.0 = Release|Any CPU
		{D44C2C62-195E-413D-A81E-A1F67A4F03BC}.Ad-Hoc|iPhoneSimulator.ActiveCfg = Release|Any CPU
		{D44C2C62-195E-413D-A81E-A1F67A4F03BC}.Ad-Hoc|iPhoneSimulator.Build.0 = Release|Any CPU
		{D44C2C62-195E-413D-A81E-A1F67A4F03BC}.Ad-Hoc|iPhoneSimulator.Deploy.0 = Release|Any CPU
		{D44C2C62-195E-413D-A81E-A1F67A4F03BC}.Ad-Hoc|x64.ActiveCfg = Release|Any CPU
		{D44C2C62-195E-413D-A81E-A1F67A4F03BC}.Ad-Hoc|x64.Build.0 = Release|Any CPU
		{D44C2C62-195E-413D-A81E-A1F67A4F03BC}.Ad-Hoc|x64.Deploy.0 = Release|Any CPU
		{D44C2C62-195E-413D-A81E-A1F67A4F03BC}.Ad-Hoc|x86.ActiveCfg = Release|Any CPU
		{D44C2C62-195E-413D-A81E-A1F67A4F03BC}.Ad-Hoc|x86.Build.0 = Release|Any CPU
		{D44C2C62-195E-413D-A81E-A1F67A4F03BC}.Ad-Hoc|x86.Deploy.0 = Release|Any CPU
		{D44C2C62-195E-413D-A81E-A1F67A4F03BC}.AppStore|Any CPU.ActiveCfg = Release|Any CPU
		{D44C2C62-195E-413D-A81E-A1F67A4F03BC}.AppStore|Any CPU.Build.0 = Release|Any CPU
		{D44C2C62-195E-413D-A81E-A1F67A4F03BC}.AppStore|Any CPU.Deploy.0 = Release|Any CPU
		{D44C2C62-195E-413D-A81E-A1F67A4F03BC}.AppStore|ARM.ActiveCfg = Release|Any CPU
		{D44C2C62-195E-413D-A81E-A1F67A4F03BC}.AppStore|ARM.Build.0 = Release|Any CPU
		{D44C2C62-195E-413D-A81E-A1F67A4F03BC}.AppStore|ARM.Deploy.0 = Release|Any CPU
		{D44C2C62-195E-413D-A81E-A1F67A4F03BC}.AppStore|iPhone.ActiveCfg = Release|Any CPU
		{D44C2C62-195E-413D-A81E-A1F67A4F03BC}.AppStore|iPhone.Build.0 = Release|Any CPU
		{D44C2C62-195E-413D-A81E-A1F67A4F03BC}.AppStore|iPhone.Deploy.0 = Release|Any CPU
		{D44C2C62-195E-413D-A81E-A1F67A4F03BC}.AppStore|iPhoneSimulator.ActiveCfg = Release|Any CPU
		{D44C2C62-195E-413D-A81E-A1F67A4F03BC}.AppStore|iPhoneSimulator.Build.0 = Release|Any CPU
		{D44C2C62-195E-413D-A81E-A1F67A4F03BC}.AppStore|iPhoneSimulator.Deploy.0 = Release|Any CPU
		{D44C2C62-195E-413D-A81E-A1F67A4F03BC}.AppStore|x64.ActiveCfg = Release|Any CPU
		{D44C2C62-195E-413D-A81E-A1F67A4F03BC}.AppStore|x64.Build.0 = Release|Any CPU
		{D44C2C62-195E-413D-A81E-A1F67A4F03BC}.AppStore|x64.Deploy.0 = Release|Any CPU
		{D44C2C62-195E-413D-A81E-A1F67A4F03BC}.AppStore|x86.ActiveCfg = Release|Any CPU
		{D44C2C62-195E-413D-A81E-A1F67A4F03BC}.AppStore|x86.Build.0 = Release|Any CPU
		{D44C2C62-195E-413D-A81E-A1F67A4F03BC}.AppStore|x86.Deploy.0 = Release|Any CPU
		{D44C2C62-195E-413D-A81E-A1F67A4F03BC}.Debug|Any CPU.ActiveCfg = Debug|Any CPU
		{D44C2C62-195E-413D-A81E-A1F67A4F03BC}.Debug|Any CPU.Build.0 = Debug|Any CPU
		{D44C2C62-195E-413D-A81E-A1F67A4F03BC}.Debug|Any CPU.Deploy.0 = Debug|Any CPU
		{D44C2C62-195E-413D-A81E-A1F67A4F03BC}.Debug|ARM.ActiveCfg = Debug|Any CPU
		{D44C2C62-195E-413D-A81E-A1F67A4F03BC}.Debug|ARM.Build.0 = Debug|Any CPU
		{D44C2C62-195E-413D-A81E-A1F67A4F03BC}.Debug|ARM.Deploy.0 = Debug|Any CPU
		{D44C2C62-195E-413D-A81E-A1F67A4F03BC}.Debug|iPhone.ActiveCfg = Debug|Any CPU
		{D44C2C62-195E-413D-A81E-A1F67A4F03BC}.Debug|iPhone.Build.0 = Debug|Any CPU
		{D44C2C62-195E-413D-A81E-A1F67A4F03BC}.Debug|iPhone.Deploy.0 = Debug|Any CPU
		{D44C2C62-195E-413D-A81E-A1F67A4F03BC}.Debug|iPhoneSimulator.ActiveCfg = Debug|Any CPU
		{D44C2C62-195E-413D-A81E-A1F67A4F03BC}.Debug|iPhoneSimulator.Build.0 = Debug|Any CPU
		{D44C2C62-195E-413D-A81E-A1F67A4F03BC}.Debug|iPhoneSimulator.Deploy.0 = Debug|Any CPU
		{D44C2C62-195E-413D-A81E-A1F67A4F03BC}.Debug|x64.ActiveCfg = Debug|Any CPU
		{D44C2C62-195E-413D-A81E-A1F67A4F03BC}.Debug|x64.Build.0 = Debug|Any CPU
		{D44C2C62-195E-413D-A81E-A1F67A4F03BC}.Debug|x64.Deploy.0 = Debug|Any CPU
		{D44C2C62-195E-413D-A81E-A1F67A4F03BC}.Debug|x86.ActiveCfg = Debug|Any CPU
		{D44C2C62-195E-413D-A81E-A1F67A4F03BC}.Debug|x86.Build.0 = Debug|Any CPU
		{D44C2C62-195E-413D-A81E-A1F67A4F03BC}.Debug|x86.Deploy.0 = Debug|Any CPU
		{D44C2C62-195E-413D-A81E-A1F67A4F03BC}.Release|Any CPU.ActiveCfg = Release|Any CPU
		{D44C2C62-195E-413D-A81E-A1F67A4F03BC}.Release|Any CPU.Build.0 = Release|Any CPU
		{D44C2C62-195E-413D-A81E-A1F67A4F03BC}.Release|Any CPU.Deploy.0 = Release|Any CPU
		{D44C2C62-195E-413D-A81E-A1F67A4F03BC}.Release|ARM.ActiveCfg = Release|Any CPU
		{D44C2C62-195E-413D-A81E-A1F67A4F03BC}.Release|ARM.Build.0 = Release|Any CPU
		{D44C2C62-195E-413D-A81E-A1F67A4F03BC}.Release|ARM.Deploy.0 = Release|Any CPU
		{D44C2C62-195E-413D-A81E-A1F67A4F03BC}.Release|iPhone.ActiveCfg = Release|Any CPU
		{D44C2C62-195E-413D-A81E-A1F67A4F03BC}.Release|iPhone.Build.0 = Release|Any CPU
		{D44C2C62-195E-413D-A81E-A1F67A4F03BC}.Release|iPhone.Deploy.0 = Release|Any CPU
		{D44C2C62-195E-413D-A81E-A1F67A4F03BC}.Release|iPhoneSimulator.ActiveCfg = Release|Any CPU
		{D44C2C62-195E-413D-A81E-A1F67A4F03BC}.Release|iPhoneSimulator.Build.0 = Release|Any CPU
		{D44C2C62-195E-413D-A81E-A1F67A4F03BC}.Release|iPhoneSimulator.Deploy.0 = Release|Any CPU
		{D44C2C62-195E-413D-A81E-A1F67A4F03BC}.Release|x64.ActiveCfg = Release|Any CPU
		{D44C2C62-195E-413D-A81E-A1F67A4F03BC}.Release|x64.Build.0 = Release|Any CPU
		{D44C2C62-195E-413D-A81E-A1F67A4F03BC}.Release|x64.Deploy.0 = Release|Any CPU
		{D44C2C62-195E-413D-A81E-A1F67A4F03BC}.Release|x86.ActiveCfg = Release|Any CPU
		{D44C2C62-195E-413D-A81E-A1F67A4F03BC}.Release|x86.Build.0 = Release|Any CPU
		{D44C2C62-195E-413D-A81E-A1F67A4F03BC}.Release|x86.Deploy.0 = Release|Any CPU
		{CB8BD465-3625-41CE-B60F-6DF15BCF9E44}.Ad-Hoc|Any CPU.ActiveCfg = Ad-Hoc|iPhone
		{CB8BD465-3625-41CE-B60F-6DF15BCF9E44}.Ad-Hoc|ARM.ActiveCfg = Ad-Hoc|iPhone
		{CB8BD465-3625-41CE-B60F-6DF15BCF9E44}.Ad-Hoc|iPhone.ActiveCfg = Ad-Hoc|iPhone
		{CB8BD465-3625-41CE-B60F-6DF15BCF9E44}.Ad-Hoc|iPhone.Build.0 = Ad-Hoc|iPhone
		{CB8BD465-3625-41CE-B60F-6DF15BCF9E44}.Ad-Hoc|iPhoneSimulator.ActiveCfg = Ad-Hoc|iPhoneSimulator
		{CB8BD465-3625-41CE-B60F-6DF15BCF9E44}.Ad-Hoc|iPhoneSimulator.Build.0 = Ad-Hoc|iPhoneSimulator
		{CB8BD465-3625-41CE-B60F-6DF15BCF9E44}.Ad-Hoc|x64.ActiveCfg = Ad-Hoc|iPhone
		{CB8BD465-3625-41CE-B60F-6DF15BCF9E44}.Ad-Hoc|x86.ActiveCfg = Ad-Hoc|iPhone
		{CB8BD465-3625-41CE-B60F-6DF15BCF9E44}.AppStore|Any CPU.ActiveCfg = AppStore|iPhone
		{CB8BD465-3625-41CE-B60F-6DF15BCF9E44}.AppStore|ARM.ActiveCfg = AppStore|iPhone
		{CB8BD465-3625-41CE-B60F-6DF15BCF9E44}.AppStore|iPhone.ActiveCfg = AppStore|iPhone
		{CB8BD465-3625-41CE-B60F-6DF15BCF9E44}.AppStore|iPhone.Build.0 = AppStore|iPhone
		{CB8BD465-3625-41CE-B60F-6DF15BCF9E44}.AppStore|iPhoneSimulator.ActiveCfg = AppStore|iPhoneSimulator
		{CB8BD465-3625-41CE-B60F-6DF15BCF9E44}.AppStore|iPhoneSimulator.Build.0 = AppStore|iPhoneSimulator
		{CB8BD465-3625-41CE-B60F-6DF15BCF9E44}.AppStore|x64.ActiveCfg = AppStore|iPhone
		{CB8BD465-3625-41CE-B60F-6DF15BCF9E44}.AppStore|x86.ActiveCfg = AppStore|iPhone
		{CB8BD465-3625-41CE-B60F-6DF15BCF9E44}.Debug|Any CPU.ActiveCfg = Debug|iPhone
		{CB8BD465-3625-41CE-B60F-6DF15BCF9E44}.Debug|Any CPU.Build.0 = Debug|iPhone
		{CB8BD465-3625-41CE-B60F-6DF15BCF9E44}.Debug|ARM.ActiveCfg = Debug|iPhone
		{CB8BD465-3625-41CE-B60F-6DF15BCF9E44}.Debug|iPhone.ActiveCfg = Debug|iPhone
		{CB8BD465-3625-41CE-B60F-6DF15BCF9E44}.Debug|iPhone.Build.0 = Debug|iPhone
		{CB8BD465-3625-41CE-B60F-6DF15BCF9E44}.Debug|iPhoneSimulator.ActiveCfg = Debug|iPhoneSimulator
		{CB8BD465-3625-41CE-B60F-6DF15BCF9E44}.Debug|iPhoneSimulator.Build.0 = Debug|iPhoneSimulator
		{CB8BD465-3625-41CE-B60F-6DF15BCF9E44}.Debug|x64.ActiveCfg = Debug|iPhone
		{CB8BD465-3625-41CE-B60F-6DF15BCF9E44}.Debug|x86.ActiveCfg = Debug|iPhone
		{CB8BD465-3625-41CE-B60F-6DF15BCF9E44}.Release|Any CPU.ActiveCfg = Release|iPhone
		{CB8BD465-3625-41CE-B60F-6DF15BCF9E44}.Release|ARM.ActiveCfg = Release|iPhone
		{CB8BD465-3625-41CE-B60F-6DF15BCF9E44}.Release|iPhone.ActiveCfg = Release|iPhone
		{CB8BD465-3625-41CE-B60F-6DF15BCF9E44}.Release|iPhone.Build.0 = Release|iPhone
		{CB8BD465-3625-41CE-B60F-6DF15BCF9E44}.Release|iPhoneSimulator.ActiveCfg = Release|iPhoneSimulator
		{CB8BD465-3625-41CE-B60F-6DF15BCF9E44}.Release|iPhoneSimulator.Build.0 = Release|iPhoneSimulator
		{CB8BD465-3625-41CE-B60F-6DF15BCF9E44}.Release|x64.ActiveCfg = Release|iPhone
		{CB8BD465-3625-41CE-B60F-6DF15BCF9E44}.Release|x86.ActiveCfg = Release|iPhone
		{449BFED8-783F-430B-8AB6-39F4F589518B}.Ad-Hoc|Any CPU.ActiveCfg = Release|x86
		{449BFED8-783F-430B-8AB6-39F4F589518B}.Ad-Hoc|Any CPU.Build.0 = Release|x86
		{449BFED8-783F-430B-8AB6-39F4F589518B}.Ad-Hoc|Any CPU.Deploy.0 = Release|x86
		{449BFED8-783F-430B-8AB6-39F4F589518B}.Ad-Hoc|ARM.ActiveCfg = Release|ARM
		{449BFED8-783F-430B-8AB6-39F4F589518B}.Ad-Hoc|ARM.Build.0 = Release|ARM
		{449BFED8-783F-430B-8AB6-39F4F589518B}.Ad-Hoc|ARM.Deploy.0 = Release|ARM
		{449BFED8-783F-430B-8AB6-39F4F589518B}.Ad-Hoc|iPhone.ActiveCfg = Release|x86
		{449BFED8-783F-430B-8AB6-39F4F589518B}.Ad-Hoc|iPhone.Build.0 = Release|x86
		{449BFED8-783F-430B-8AB6-39F4F589518B}.Ad-Hoc|iPhone.Deploy.0 = Release|x86
		{449BFED8-783F-430B-8AB6-39F4F589518B}.Ad-Hoc|iPhoneSimulator.ActiveCfg = Release|x86
		{449BFED8-783F-430B-8AB6-39F4F589518B}.Ad-Hoc|iPhoneSimulator.Build.0 = Release|x86
		{449BFED8-783F-430B-8AB6-39F4F589518B}.Ad-Hoc|iPhoneSimulator.Deploy.0 = Release|x86
		{449BFED8-783F-430B-8AB6-39F4F589518B}.Ad-Hoc|x64.ActiveCfg = Release|x64
		{449BFED8-783F-430B-8AB6-39F4F589518B}.Ad-Hoc|x64.Build.0 = Release|x64
		{449BFED8-783F-430B-8AB6-39F4F589518B}.Ad-Hoc|x64.Deploy.0 = Release|x64
		{449BFED8-783F-430B-8AB6-39F4F589518B}.Ad-Hoc|x86.ActiveCfg = Release|x86
		{449BFED8-783F-430B-8AB6-39F4F589518B}.Ad-Hoc|x86.Build.0 = Release|x86
		{449BFED8-783F-430B-8AB6-39F4F589518B}.Ad-Hoc|x86.Deploy.0 = Release|x86
		{449BFED8-783F-430B-8AB6-39F4F589518B}.AppStore|Any CPU.ActiveCfg = Release|x86
		{449BFED8-783F-430B-8AB6-39F4F589518B}.AppStore|Any CPU.Build.0 = Release|x86
		{449BFED8-783F-430B-8AB6-39F4F589518B}.AppStore|Any CPU.Deploy.0 = Release|x86
		{449BFED8-783F-430B-8AB6-39F4F589518B}.AppStore|ARM.ActiveCfg = Release|ARM
		{449BFED8-783F-430B-8AB6-39F4F589518B}.AppStore|ARM.Build.0 = Release|ARM
		{449BFED8-783F-430B-8AB6-39F4F589518B}.AppStore|ARM.Deploy.0 = Release|ARM
		{449BFED8-783F-430B-8AB6-39F4F589518B}.AppStore|iPhone.ActiveCfg = Release|x86
		{449BFED8-783F-430B-8AB6-39F4F589518B}.AppStore|iPhone.Build.0 = Release|x86
		{449BFED8-783F-430B-8AB6-39F4F589518B}.AppStore|iPhone.Deploy.0 = Release|x86
		{449BFED8-783F-430B-8AB6-39F4F589518B}.AppStore|iPhoneSimulator.ActiveCfg = Release|x86
		{449BFED8-783F-430B-8AB6-39F4F589518B}.AppStore|iPhoneSimulator.Build.0 = Release|x86
		{449BFED8-783F-430B-8AB6-39F4F589518B}.AppStore|iPhoneSimulator.Deploy.0 = Release|x86
		{449BFED8-783F-430B-8AB6-39F4F589518B}.AppStore|x64.ActiveCfg = Release|x64
		{449BFED8-783F-430B-8AB6-39F4F589518B}.AppStore|x64.Build.0 = Release|x64
		{449BFED8-783F-430B-8AB6-39F4F589518B}.AppStore|x64.Deploy.0 = Release|x64
		{449BFED8-783F-430B-8AB6-39F4F589518B}.AppStore|x86.ActiveCfg = Release|x86
		{449BFED8-783F-430B-8AB6-39F4F589518B}.AppStore|x86.Build.0 = Release|x86
		{449BFED8-783F-430B-8AB6-39F4F589518B}.AppStore|x86.Deploy.0 = Release|x86
		{449BFED8-783F-430B-8AB6-39F4F589518B}.Debug|Any CPU.ActiveCfg = Debug|x86
		{449BFED8-783F-430B-8AB6-39F4F589518B}.Debug|Any CPU.Build.0 = Debug|x86
		{449BFED8-783F-430B-8AB6-39F4F589518B}.Debug|Any CPU.Deploy.0 = Debug|x86
		{449BFED8-783F-430B-8AB6-39F4F589518B}.Debug|ARM.ActiveCfg = Debug|ARM
		{449BFED8-783F-430B-8AB6-39F4F589518B}.Debug|ARM.Build.0 = Debug|ARM
		{449BFED8-783F-430B-8AB6-39F4F589518B}.Debug|ARM.Deploy.0 = Debug|ARM
		{449BFED8-783F-430B-8AB6-39F4F589518B}.Debug|iPhone.ActiveCfg = Debug|x86
		{449BFED8-783F-430B-8AB6-39F4F589518B}.Debug|iPhoneSimulator.ActiveCfg = Debug|x86
		{449BFED8-783F-430B-8AB6-39F4F589518B}.Debug|iPhoneSimulator.Build.0 = Debug|x86
		{449BFED8-783F-430B-8AB6-39F4F589518B}.Debug|iPhoneSimulator.Deploy.0 = Debug|x86
		{449BFED8-783F-430B-8AB6-39F4F589518B}.Debug|x64.ActiveCfg = Debug|x64
		{449BFED8-783F-430B-8AB6-39F4F589518B}.Debug|x64.Build.0 = Debug|x64
		{449BFED8-783F-430B-8AB6-39F4F589518B}.Debug|x64.Deploy.0 = Debug|x64
		{449BFED8-783F-430B-8AB6-39F4F589518B}.Debug|x86.ActiveCfg = Debug|x86
		{449BFED8-783F-430B-8AB6-39F4F589518B}.Debug|x86.Build.0 = Debug|x86
		{449BFED8-783F-430B-8AB6-39F4F589518B}.Debug|x86.Deploy.0 = Debug|x86
		{449BFED8-783F-430B-8AB6-39F4F589518B}.Release|Any CPU.ActiveCfg = Release|x86
		{449BFED8-783F-430B-8AB6-39F4F589518B}.Release|ARM.ActiveCfg = Release|ARM
		{449BFED8-783F-430B-8AB6-39F4F589518B}.Release|ARM.Build.0 = Release|ARM
		{449BFED8-783F-430B-8AB6-39F4F589518B}.Release|ARM.Deploy.0 = Release|ARM
		{449BFED8-783F-430B-8AB6-39F4F589518B}.Release|iPhone.ActiveCfg = Release|x86
		{449BFED8-783F-430B-8AB6-39F4F589518B}.Release|iPhoneSimulator.ActiveCfg = Release|x86
		{449BFED8-783F-430B-8AB6-39F4F589518B}.Release|x64.ActiveCfg = Release|x64
		{449BFED8-783F-430B-8AB6-39F4F589518B}.Release|x64.Build.0 = Release|x64
		{449BFED8-783F-430B-8AB6-39F4F589518B}.Release|x64.Deploy.0 = Release|x64
		{449BFED8-783F-430B-8AB6-39F4F589518B}.Release|x86.ActiveCfg = Release|x86
		{449BFED8-783F-430B-8AB6-39F4F589518B}.Release|x86.Build.0 = Release|x86
		{449BFED8-783F-430B-8AB6-39F4F589518B}.Release|x86.Deploy.0 = Release|x86
	EndGlobalSection
	GlobalSection(SolutionProperties) = preSolution
		HideSolutionNode = FALSE
	EndGlobalSection
EndGlobal
